{
  "name": "miniprogram-test-1",
  "version": "1.0.0",
  "lockfileVersion": 1,
  "requires": true,
  "dependencies": {
    "vant-weapp": {
      "version": "1.0.0-beta.4",
      "resolved": "https://registry.npmjs.org/vant-weapp/-/vant-weapp-1.0.0-beta.4.tgz",
      "integrity": "sha512-oZZ4MUgrgMMeB40cJkREmPM2Ad/ZmJaqAn4/xP1jjpXIQi/ds0ir4ige0nwIXL+3uUD4ARnq9tHy4Ds0K1iwFg=="
    }
  }
}
